
Microsoft Visual Studio Solution File, Format Version 12.00
# Visual Studio Version 17
VisualStudioVersion = 17.14.36518.9
MinimumVisualStudioVersion = 10.0.40219.1
Project("{FAE04EC0-301F-11D3-BF4B-00C04F79EFBC}") = "HelloWorld", "HelloWorld\HelloWorld.csproj", "{2F41C87D-2982-4F8D-8A84-2C5F45BF1853}"
EndProject
Project("{FAE04EC0-301F-11D3-BF4B-00C04F79EFBC}") = "DataTypes", "DataTypes\DataTypes.csproj", "{8EE5B50D-5DD5-4A1A-8E75-66902D7304E8}"
EndProject
Project("{FAE04EC0-301F-11D3-BF4B-00C04F79EFBC}") = "WriteApp", "WriteApp\WriteApp.csproj", "{4FE38DB4-F0C8-4108-8C29-F6A20BED82EB}"
EndProject
Project("{FAE04EC0-301F-11D3-BF4B-00C04F79EFBC}") = "ReadApp", "ReadApp\ReadApp.csproj", "{5774FCAC-6418-4B52-87F6-F0F92614C7E9}"
EndProject
Project("{FAE04EC0-301F-11D3-BF4B-00C04F79EFBC}") = "SafeReadApp", "SafeReadApp\SafeReadApp.csproj", "{B3B498D9-7D28-4F06-ACEA-65149A0D289F}"
EndProject
Project("{FAE04EC0-301F-11D3-BF4B-00C04F79EFBC}") = "ExpressionsApp", "ExpressionsApp\ExpressionsApp.csproj", "{B806F55F-178A-42CC-AC86-B9788EFAF56A}"
EndProject
Project("{FAE04EC0-301F-11D3-BF4B-00C04F79EFBC}") = "EurosToDollars", "EurosToDollars\EurosToDollars.csproj", "{D0ED3127-36DC-42E7-B703-2B3C3D49B8C1}"
EndProject
Project("{FAE04EC0-301F-11D3-BF4B-00C04F79EFBC}") = "GradesApp", "GradesApp\GradesApp.csproj", "{2F7679D4-EEA7-4488-A703-3488C25CC266}"
EndProject
Project("{FAE04EC0-301F-11D3-BF4B-00C04F79EFBC}") = "TernaryApp", "TernaryApp\TernaryApp.csproj", "{C4DA36F5-E9EB-4E67-ABE4-8C97F847C225}"
EndProject
Project("{FAE04EC0-301F-11D3-BF4B-00C04F79EFBC}") = "WhileApp", "WhileApp\WhileApp.csproj", "{FCF29FE8-5C8C-4D86-845B-7A477004CCC1}"
EndProject
Project("{FAE04EC0-301F-11D3-BF4B-00C04F79EFBC}") = "IgnoreNegativesApp", "IgnoreNegativesApp\IgnoreNegativesApp.csproj", "{52A7762C-DF76-49D8-9DD1-D38AEDFAE1E6}"
EndProject
Project("{FAE04EC0-301F-11D3-BF4B-00C04F79EFBC}") = "BigIntegerApp", "BigIntegerApp\BigIntegerApp.csproj", "{C5CD4A5A-5FDB-4010-A9F6-37351E8F8306}"
EndProject
Project("{FAE04EC0-301F-11D3-BF4B-00C04F79EFBC}") = "CharReadDoWhileApp", "CharReadDoWhileApp\CharReadDoWhileApp.csproj", "{09A03436-81BB-4D28-A654-3A7A5A93B2E5}"
EndProject
Project("{FAE04EC0-301F-11D3-BF4B-00C04F79EFBC}") = "ForApp", "ForApp\ForApp.csproj", "{F7355E3C-39CC-4DB2-99A6-966E7F56193C}"
EndProject
Project("{FAE04EC0-301F-11D3-BF4B-00C04F79EFBC}") = "EnhancedForApp", "EnhancedForApp\EnhancedForApp.csproj", "{1A17635B-B1AE-4F2D-8EAC-54BA8C035BEC}"
EndProject
Project("{FAE04EC0-301F-11D3-BF4B-00C04F79EFBC}") = "FormatExceptionApp", "FormatExceptionApp\FormatExceptionApp.csproj", "{C43A7294-448E-47ED-BA9D-B7B1488423EF}"
EndProject
Project("{FAE04EC0-301F-11D3-BF4B-00C04F79EFBC}") = "DigitsCountApp", "DigitsCountApp\DigitsCountApp.csproj", "{0B196E99-97AE-45E7-A429-8780996C3551}"
EndProject
Project("{FAE04EC0-301F-11D3-BF4B-00C04F79EFBC}") = "SwapApp", "SwapApp\SwapApp.csproj", "{C1A7D536-7344-4DF4-9C56-C79DCC87CA3F}"
EndProject
Project("{FAE04EC0-301F-11D3-BF4B-00C04F79EFBC}") = "ArraysApp", "ArraysApp\ArraysApp.csproj", "{D3C5797B-DD94-4AF9-BBDA-71128DE98B18}"
EndProject
Project("{FAE04EC0-301F-11D3-BF4B-00C04F79EFBC}") = "ArrayMin", "ArrayMin\ArrayMin.csproj", "{B67331AC-FAA4-47FB-98EF-3F000C7E6DDA}"
EndProject
Project("{FAE04EC0-301F-11D3-BF4B-00C04F79EFBC}") = "SelectionSort", "SelectionSort\SelectionSort.csproj", "{689C48C4-DD36-40E1-929F-C668786D3589}"
EndProject
Project("{FAE04EC0-301F-11D3-BF4B-00C04F79EFBC}") = "PalindromeApp", "PalindromeApp\PalindromeApp.csproj", "{BD351962-01A1-44A4-B4F6-D8C196385FCA}"
EndProject
Project("{FAE04EC0-301F-11D3-BF4B-00C04F79EFBC}") = "ArrayUtilApp", "ArrayUtilApp\ArrayUtilApp.csproj", "{0D7A89DC-5DE2-4E3C-99CB-E9F6D7BE93C7}"
EndProject
Project("{FAE04EC0-301F-11D3-BF4B-00C04F79EFBC}") = "TwoDimArrayApp", "TwoDimArrayApp\TwoDimArrayApp.csproj", "{E56FED82-6718-4118-97A7-D8FE835991E4}"
EndProject
Project("{FAE04EC0-301F-11D3-BF4B-00C04F79EFBC}") = "StringApp", "StringApp\StringApp.csproj", "{839B6286-98D0-45CB-BD3A-B8F07803A6E7}"
EndProject
Project("{FAE04EC0-301F-11D3-BF4B-00C04F79EFBC}") = "StrEqualsAndCompare", "StrEqualsAndCompare\StrEqualsAndCompare.csproj", "{15B8AAE4-E6E7-46A6-8C2A-436FD678140B}"
EndProject
Project("{FAE04EC0-301F-11D3-BF4B-00C04F79EFBC}") = "StrHelperMethods", "StrHelperMethods\StrHelperMethods.csproj", "{B67BC7F5-4419-44C6-BE62-9B744A20076C}"
EndProject
Project("{FAE04EC0-301F-11D3-BF4B-00C04F79EFBC}") = "NullableStr", "NullableStr\NullableStr.csproj", "{C868BBD7-9932-4507-8D04-26CF2F4827D0}"
EndProject
Project("{FAE04EC0-301F-11D3-BF4B-00C04F79EFBC}") = "StrBuilerApp", "StrBuilerApp\StrBuilerApp.csproj", "{679B3648-B609-4F9B-99C0-7C21EE9D1A71}"
EndProject
Project("{FAE04EC0-301F-11D3-BF4B-00C04F79EFBC}") = "RegExApp", "RegExApp\RegExApp.csproj", "{C62C3A78-BBD5-492A-97B4-8173112211A6}"
EndProject
Project("{FAE04EC0-301F-11D3-BF4B-00C04F79EFBC}") = "MethodsApp", "MethodsApp\MethodsApp.csproj", "{2A91F2DD-13D6-4398-A911-AB40F97D7C27}"
EndProject
Project("{FAE04EC0-301F-11D3-BF4B-00C04F79EFBC}") = "StudentApp", "StudentApp\StudentApp.csproj", "{C0DB45E7-9181-41F8-A3C8-ADC0C8BA41C5}"
EndProject
Project("{FAE04EC0-301F-11D3-BF4B-00C04F79EFBC}") = "AccountApp", "AccountApp\AccountApp.csproj", "{84DAD5DB-3C0E-4561-BB14-7243CA5F9192}"
EndProject
Project("{FAE04EC0-301F-11D3-BF4B-00C04F79EFBC}") = "PointApp", "PointApp\PointApp.csproj", "{9D3A48F6-C15C-4AD0-AD8D-D34378C08975}"
EndProject
Project("{FAE04EC0-301F-11D3-BF4B-00C04F79EFBC}") = "FractionApp", "FractionApp\FractionApp.csproj", "{BC49808B-DA2D-4B55-BF25-57987B73A9A0}"
EndProject
Project("{FAE04EC0-301F-11D3-BF4B-00C04F79EFBC}") = "ShallowDeepCopyApp", "ShallowDeepCopyApp\ShallowDeepCopyApp.csproj", "{5C7BB74A-0CD5-486D-83BA-49479C53FCE4}"
EndProject
Project("{FAE04EC0-301F-11D3-BF4B-00C04F79EFBC}") = "AbstractClassesApp", "AbstractClassesApp\AbstractClassesApp.csproj", "{BE754FC9-80CF-4D5E-87DC-0C54C44D4FD9}"
EndProject
Project("{FAE04EC0-301F-11D3-BF4B-00C04F79EFBC}") = "InterfacesApp", "InterfacesApp\InterfacesApp.csproj", "{B9A8AE12-0AEC-4E82-B6C4-F17DE8AC49D9}"
EndProject
Project("{FAE04EC0-301F-11D3-BF4B-00C04F79EFBC}") = "DependencyInjectionApp", "DependencyInjectionApp\DependencyInjectionApp.csproj", "{F83720D4-13C2-4305-8566-B26C7C72C115}"
EndProject
Project("{FAE04EC0-301F-11D3-BF4B-00C04F79EFBC}") = "CollectionsApp", "CollectionsApp\CollectionsApp.csproj", "{21D1DE3F-4262-456D-AB59-A951BE9A676C}"
EndProject
Global
	GlobalSection(SolutionConfigurationPlatforms) = preSolution
		Debug|Any CPU = Debug|Any CPU
		Release|Any CPU = Release|Any CPU
	EndGlobalSection
	GlobalSection(ProjectConfigurationPlatforms) = postSolution
		{2F41C87D-2982-4F8D-8A84-2C5F45BF1853}.Debug|Any CPU.ActiveCfg = Debug|Any CPU
		{2F41C87D-2982-4F8D-8A84-2C5F45BF1853}.Debug|Any CPU.Build.0 = Debug|Any CPU
		{2F41C87D-2982-4F8D-8A84-2C5F45BF1853}.Release|Any CPU.ActiveCfg = Release|Any CPU
		{2F41C87D-2982-4F8D-8A84-2C5F45BF1853}.Release|Any CPU.Build.0 = Release|Any CPU
		{8EE5B50D-5DD5-4A1A-8E75-66902D7304E8}.Debug|Any CPU.ActiveCfg = Debug|Any CPU
		{8EE5B50D-5DD5-4A1A-8E75-66902D7304E8}.Debug|Any CPU.Build.0 = Debug|Any CPU
		{8EE5B50D-5DD5-4A1A-8E75-66902D7304E8}.Release|Any CPU.ActiveCfg = Release|Any CPU
		{8EE5B50D-5DD5-4A1A-8E75-66902D7304E8}.Release|Any CPU.Build.0 = Release|Any CPU
		{4FE38DB4-F0C8-4108-8C29-F6A20BED82EB}.Debug|Any CPU.ActiveCfg = Debug|Any CPU
		{4FE38DB4-F0C8-4108-8C29-F6A20BED82EB}.Debug|Any CPU.Build.0 = Debug|Any CPU
		{4FE38DB4-F0C8-4108-8C29-F6A20BED82EB}.Release|Any CPU.ActiveCfg = Release|Any CPU
		{4FE38DB4-F0C8-4108-8C29-F6A20BED82EB}.Release|Any CPU.Build.0 = Release|Any CPU
		{5774FCAC-6418-4B52-87F6-F0F92614C7E9}.Debug|Any CPU.ActiveCfg = Debug|Any CPU
		{5774FCAC-6418-4B52-87F6-F0F92614C7E9}.Debug|Any CPU.Build.0 = Debug|Any CPU
		{5774FCAC-6418-4B52-87F6-F0F92614C7E9}.Release|Any CPU.ActiveCfg = Release|Any CPU
		{5774FCAC-6418-4B52-87F6-F0F92614C7E9}.Release|Any CPU.Build.0 = Release|Any CPU
		{B3B498D9-7D28-4F06-ACEA-65149A0D289F}.Debug|Any CPU.ActiveCfg = Debug|Any CPU
		{B3B498D9-7D28-4F06-ACEA-65149A0D289F}.Debug|Any CPU.Build.0 = Debug|Any CPU
		{B3B498D9-7D28-4F06-ACEA-65149A0D289F}.Release|Any CPU.ActiveCfg = Release|Any CPU
		{B3B498D9-7D28-4F06-ACEA-65149A0D289F}.Release|Any CPU.Build.0 = Release|Any CPU
		{B806F55F-178A-42CC-AC86-B9788EFAF56A}.Debug|Any CPU.ActiveCfg = Debug|Any CPU
		{B806F55F-178A-42CC-AC86-B9788EFAF56A}.Debug|Any CPU.Build.0 = Debug|Any CPU
		{B806F55F-178A-42CC-AC86-B9788EFAF56A}.Release|Any CPU.ActiveCfg = Release|Any CPU
		{B806F55F-178A-42CC-AC86-B9788EFAF56A}.Release|Any CPU.Build.0 = Release|Any CPU
		{D0ED3127-36DC-42E7-B703-2B3C3D49B8C1}.Debug|Any CPU.ActiveCfg = Debug|Any CPU
		{D0ED3127-36DC-42E7-B703-2B3C3D49B8C1}.Debug|Any CPU.Build.0 = Debug|Any CPU
		{D0ED3127-36DC-42E7-B703-2B3C3D49B8C1}.Release|Any CPU.ActiveCfg = Release|Any CPU
		{D0ED3127-36DC-42E7-B703-2B3C3D49B8C1}.Release|Any CPU.Build.0 = Release|Any CPU
		{2F7679D4-EEA7-4488-A703-3488C25CC266}.Debug|Any CPU.ActiveCfg = Debug|Any CPU
		{2F7679D4-EEA7-4488-A703-3488C25CC266}.Debug|Any CPU.Build.0 = Debug|Any CPU
		{2F7679D4-EEA7-4488-A703-3488C25CC266}.Release|Any CPU.ActiveCfg = Release|Any CPU
		{2F7679D4-EEA7-4488-A703-3488C25CC266}.Release|Any CPU.Build.0 = Release|Any CPU
		{C4DA36F5-E9EB-4E67-ABE4-8C97F847C225}.Debug|Any CPU.ActiveCfg = Debug|Any CPU
		{C4DA36F5-E9EB-4E67-ABE4-8C97F847C225}.Debug|Any CPU.Build.0 = Debug|Any CPU
		{C4DA36F5-E9EB-4E67-ABE4-8C97F847C225}.Release|Any CPU.ActiveCfg = Release|Any CPU
		{C4DA36F5-E9EB-4E67-ABE4-8C97F847C225}.Release|Any CPU.Build.0 = Release|Any CPU
		{FCF29FE8-5C8C-4D86-845B-7A477004CCC1}.Debug|Any CPU.ActiveCfg = Debug|Any CPU
		{FCF29FE8-5C8C-4D86-845B-7A477004CCC1}.Debug|Any CPU.Build.0 = Debug|Any CPU
		{FCF29FE8-5C8C-4D86-845B-7A477004CCC1}.Release|Any CPU.ActiveCfg = Release|Any CPU
		{FCF29FE8-5C8C-4D86-845B-7A477004CCC1}.Release|Any CPU.Build.0 = Release|Any CPU
		{52A7762C-DF76-49D8-9DD1-D38AEDFAE1E6}.Debug|Any CPU.ActiveCfg = Debug|Any CPU
		{52A7762C-DF76-49D8-9DD1-D38AEDFAE1E6}.Debug|Any CPU.Build.0 = Debug|Any CPU
		{52A7762C-DF76-49D8-9DD1-D38AEDFAE1E6}.Release|Any CPU.ActiveCfg = Release|Any CPU
		{52A7762C-DF76-49D8-9DD1-D38AEDFAE1E6}.Release|Any CPU.Build.0 = Release|Any CPU
		{C5CD4A5A-5FDB-4010-A9F6-37351E8F8306}.Debug|Any CPU.ActiveCfg = Debug|Any CPU
		{C5CD4A5A-5FDB-4010-A9F6-37351E8F8306}.Debug|Any CPU.Build.0 = Debug|Any CPU
		{C5CD4A5A-5FDB-4010-A9F6-37351E8F8306}.Release|Any CPU.ActiveCfg = Release|Any CPU
		{C5CD4A5A-5FDB-4010-A9F6-37351E8F8306}.Release|Any CPU.Build.0 = Release|Any CPU
		{09A03436-81BB-4D28-A654-3A7A5A93B2E5}.Debug|Any CPU.ActiveCfg = Debug|Any CPU
		{09A03436-81BB-4D28-A654-3A7A5A93B2E5}.Debug|Any CPU.Build.0 = Debug|Any CPU
		{09A03436-81BB-4D28-A654-3A7A5A93B2E5}.Release|Any CPU.ActiveCfg = Release|Any CPU
		{09A03436-81BB-4D28-A654-3A7A5A93B2E5}.Release|Any CPU.Build.0 = Release|Any CPU
		{F7355E3C-39CC-4DB2-99A6-966E7F56193C}.Debug|Any CPU.ActiveCfg = Debug|Any CPU
		{F7355E3C-39CC-4DB2-99A6-966E7F56193C}.Debug|Any CPU.Build.0 = Debug|Any CPU
		{F7355E3C-39CC-4DB2-99A6-966E7F56193C}.Release|Any CPU.ActiveCfg = Release|Any CPU
		{F7355E3C-39CC-4DB2-99A6-966E7F56193C}.Release|Any CPU.Build.0 = Release|Any CPU
		{1A17635B-B1AE-4F2D-8EAC-54BA8C035BEC}.Debug|Any CPU.ActiveCfg = Debug|Any CPU
		{1A17635B-B1AE-4F2D-8EAC-54BA8C035BEC}.Debug|Any CPU.Build.0 = Debug|Any CPU
		{1A17635B-B1AE-4F2D-8EAC-54BA8C035BEC}.Release|Any CPU.ActiveCfg = Release|Any CPU
		{1A17635B-B1AE-4F2D-8EAC-54BA8C035BEC}.Release|Any CPU.Build.0 = Release|Any CPU
		{C43A7294-448E-47ED-BA9D-B7B1488423EF}.Debug|Any CPU.ActiveCfg = Debug|Any CPU
		{C43A7294-448E-47ED-BA9D-B7B1488423EF}.Debug|Any CPU.Build.0 = Debug|Any CPU
		{C43A7294-448E-47ED-BA9D-B7B1488423EF}.Release|Any CPU.ActiveCfg = Release|Any CPU
		{C43A7294-448E-47ED-BA9D-B7B1488423EF}.Release|Any CPU.Build.0 = Release|Any CPU
		{0B196E99-97AE-45E7-A429-8780996C3551}.Debug|Any CPU.ActiveCfg = Debug|Any CPU
		{0B196E99-97AE-45E7-A429-8780996C3551}.Debug|Any CPU.Build.0 = Debug|Any CPU
		{0B196E99-97AE-45E7-A429-8780996C3551}.Release|Any CPU.ActiveCfg = Release|Any CPU
		{0B196E99-97AE-45E7-A429-8780996C3551}.Release|Any CPU.Build.0 = Release|Any CPU
		{C1A7D536-7344-4DF4-9C56-C79DCC87CA3F}.Debug|Any CPU.ActiveCfg = Debug|Any CPU
		{C1A7D536-7344-4DF4-9C56-C79DCC87CA3F}.Debug|Any CPU.Build.0 = Debug|Any CPU
		{C1A7D536-7344-4DF4-9C56-C79DCC87CA3F}.Release|Any CPU.ActiveCfg = Release|Any CPU
		{C1A7D536-7344-4DF4-9C56-C79DCC87CA3F}.Release|Any CPU.Build.0 = Release|Any CPU
		{D3C5797B-DD94-4AF9-BBDA-71128DE98B18}.Debug|Any CPU.ActiveCfg = Debug|Any CPU
		{D3C5797B-DD94-4AF9-BBDA-71128DE98B18}.Debug|Any CPU.Build.0 = Debug|Any CPU
		{D3C5797B-DD94-4AF9-BBDA-71128DE98B18}.Release|Any CPU.ActiveCfg = Release|Any CPU
		{D3C5797B-DD94-4AF9-BBDA-71128DE98B18}.Release|Any CPU.Build.0 = Release|Any CPU
		{B67331AC-FAA4-47FB-98EF-3F000C7E6DDA}.Debug|Any CPU.ActiveCfg = Debug|Any CPU
		{B67331AC-FAA4-47FB-98EF-3F000C7E6DDA}.Debug|Any CPU.Build.0 = Debug|Any CPU
		{B67331AC-FAA4-47FB-98EF-3F000C7E6DDA}.Release|Any CPU.ActiveCfg = Release|Any CPU
		{B67331AC-FAA4-47FB-98EF-3F000C7E6DDA}.Release|Any CPU.Build.0 = Release|Any CPU
		{689C48C4-DD36-40E1-929F-C668786D3589}.Debug|Any CPU.ActiveCfg = Debug|Any CPU
		{689C48C4-DD36-40E1-929F-C668786D3589}.Debug|Any CPU.Build.0 = Debug|Any CPU
		{689C48C4-DD36-40E1-929F-C668786D3589}.Release|Any CPU.ActiveCfg = Release|Any CPU
		{689C48C4-DD36-40E1-929F-C668786D3589}.Release|Any CPU.Build.0 = Release|Any CPU
		{BD351962-01A1-44A4-B4F6-D8C196385FCA}.Debug|Any CPU.ActiveCfg = Debug|Any CPU
		{BD351962-01A1-44A4-B4F6-D8C196385FCA}.Debug|Any CPU.Build.0 = Debug|Any CPU
		{BD351962-01A1-44A4-B4F6-D8C196385FCA}.Release|Any CPU.ActiveCfg = Release|Any CPU
		{BD351962-01A1-44A4-B4F6-D8C196385FCA}.Release|Any CPU.Build.0 = Release|Any CPU
		{0D7A89DC-5DE2-4E3C-99CB-E9F6D7BE93C7}.Debug|Any CPU.ActiveCfg = Debug|Any CPU
		{0D7A89DC-5DE2-4E3C-99CB-E9F6D7BE93C7}.Debug|Any CPU.Build.0 = Debug|Any CPU
		{0D7A89DC-5DE2-4E3C-99CB-E9F6D7BE93C7}.Release|Any CPU.ActiveCfg = Release|Any CPU
		{0D7A89DC-5DE2-4E3C-99CB-E9F6D7BE93C7}.Release|Any CPU.Build.0 = Release|Any CPU
		{E56FED82-6718-4118-97A7-D8FE835991E4}.Debug|Any CPU.ActiveCfg = Debug|Any CPU
		{E56FED82-6718-4118-97A7-D8FE835991E4}.Debug|Any CPU.Build.0 = Debug|Any CPU
		{E56FED82-6718-4118-97A7-D8FE835991E4}.Release|Any CPU.ActiveCfg = Release|Any CPU
		{E56FED82-6718-4118-97A7-D8FE835991E4}.Release|Any CPU.Build.0 = Release|Any CPU
		{839B6286-98D0-45CB-BD3A-B8F07803A6E7}.Debug|Any CPU.ActiveCfg = Debug|Any CPU
		{839B6286-98D0-45CB-BD3A-B8F07803A6E7}.Debug|Any CPU.Build.0 = Debug|Any CPU
		{839B6286-98D0-45CB-BD3A-B8F07803A6E7}.Release|Any CPU.ActiveCfg = Release|Any CPU
		{839B6286-98D0-45CB-BD3A-B8F07803A6E7}.Release|Any CPU.Build.0 = Release|Any CPU
		{15B8AAE4-E6E7-46A6-8C2A-436FD678140B}.Debug|Any CPU.ActiveCfg = Debug|Any CPU
		{15B8AAE4-E6E7-46A6-8C2A-436FD678140B}.Debug|Any CPU.Build.0 = Debug|Any CPU
		{15B8AAE4-E6E7-46A6-8C2A-436FD678140B}.Release|Any CPU.ActiveCfg = Release|Any CPU
		{15B8AAE4-E6E7-46A6-8C2A-436FD678140B}.Release|Any CPU.Build.0 = Release|Any CPU
		{B67BC7F5-4419-44C6-BE62-9B744A20076C}.Debug|Any CPU.ActiveCfg = Debug|Any CPU
		{B67BC7F5-4419-44C6-BE62-9B744A20076C}.Debug|Any CPU.Build.0 = Debug|Any CPU
		{B67BC7F5-4419-44C6-BE62-9B744A20076C}.Release|Any CPU.ActiveCfg = Release|Any CPU
		{B67BC7F5-4419-44C6-BE62-9B744A20076C}.Release|Any CPU.Build.0 = Release|Any CPU
		{C868BBD7-9932-4507-8D04-26CF2F4827D0}.Debug|Any CPU.ActiveCfg = Debug|Any CPU
		{C868BBD7-9932-4507-8D04-26CF2F4827D0}.Debug|Any CPU.Build.0 = Debug|Any CPU
		{C868BBD7-9932-4507-8D04-26CF2F4827D0}.Release|Any CPU.ActiveCfg = Release|Any CPU
		{C868BBD7-9932-4507-8D04-26CF2F4827D0}.Release|Any CPU.Build.0 = Release|Any CPU
		{679B3648-B609-4F9B-99C0-7C21EE9D1A71}.Debug|Any CPU.ActiveCfg = Debug|Any CPU
		{679B3648-B609-4F9B-99C0-7C21EE9D1A71}.Debug|Any CPU.Build.0 = Debug|Any CPU
		{679B3648-B609-4F9B-99C0-7C21EE9D1A71}.Release|Any CPU.ActiveCfg = Release|Any CPU
		{679B3648-B609-4F9B-99C0-7C21EE9D1A71}.Release|Any CPU.Build.0 = Release|Any CPU
		{C62C3A78-BBD5-492A-97B4-8173112211A6}.Debug|Any CPU.ActiveCfg = Debug|Any CPU
		{C62C3A78-BBD5-492A-97B4-8173112211A6}.Debug|Any CPU.Build.0 = Debug|Any CPU
		{C62C3A78-BBD5-492A-97B4-8173112211A6}.Release|Any CPU.ActiveCfg = Release|Any CPU
		{C62C3A78-BBD5-492A-97B4-8173112211A6}.Release|Any CPU.Build.0 = Release|Any CPU
		{2A91F2DD-13D6-4398-A911-AB40F97D7C27}.Debug|Any CPU.ActiveCfg = Debug|Any CPU
		{2A91F2DD-13D6-4398-A911-AB40F97D7C27}.Debug|Any CPU.Build.0 = Debug|Any CPU
		{2A91F2DD-13D6-4398-A911-AB40F97D7C27}.Release|Any CPU.ActiveCfg = Release|Any CPU
		{2A91F2DD-13D6-4398-A911-AB40F97D7C27}.Release|Any CPU.Build.0 = Release|Any CPU
		{C0DB45E7-9181-41F8-A3C8-ADC0C8BA41C5}.Debug|Any CPU.ActiveCfg = Debug|Any CPU
		{C0DB45E7-9181-41F8-A3C8-ADC0C8BA41C5}.Debug|Any CPU.Build.0 = Debug|Any CPU
		{C0DB45E7-9181-41F8-A3C8-ADC0C8BA41C5}.Release|Any CPU.ActiveCfg = Release|Any CPU
		{C0DB45E7-9181-41F8-A3C8-ADC0C8BA41C5}.Release|Any CPU.Build.0 = Release|Any CPU
		{84DAD5DB-3C0E-4561-BB14-7243CA5F9192}.Debug|Any CPU.ActiveCfg = Debug|Any CPU
		{84DAD5DB-3C0E-4561-BB14-7243CA5F9192}.Debug|Any CPU.Build.0 = Debug|Any CPU
		{84DAD5DB-3C0E-4561-BB14-7243CA5F9192}.Release|Any CPU.ActiveCfg = Release|Any CPU
		{84DAD5DB-3C0E-4561-BB14-7243CA5F9192}.Release|Any CPU.Build.0 = Release|Any CPU
		{9D3A48F6-C15C-4AD0-AD8D-D34378C08975}.Debug|Any CPU.ActiveCfg = Debug|Any CPU
		{9D3A48F6-C15C-4AD0-AD8D-D34378C08975}.Debug|Any CPU.Build.0 = Debug|Any CPU
		{9D3A48F6-C15C-4AD0-AD8D-D34378C08975}.Release|Any CPU.ActiveCfg = Release|Any CPU
		{9D3A48F6-C15C-4AD0-AD8D-D34378C08975}.Release|Any CPU.Build.0 = Release|Any CPU
		{BC49808B-DA2D-4B55-BF25-57987B73A9A0}.Debug|Any CPU.ActiveCfg = Debug|Any CPU
		{BC49808B-DA2D-4B55-BF25-57987B73A9A0}.Debug|Any CPU.Build.0 = Debug|Any CPU
		{BC49808B-DA2D-4B55-BF25-57987B73A9A0}.Release|Any CPU.ActiveCfg = Release|Any CPU
		{BC49808B-DA2D-4B55-BF25-57987B73A9A0}.Release|Any CPU.Build.0 = Release|Any CPU
		{5C7BB74A-0CD5-486D-83BA-49479C53FCE4}.Debug|Any CPU.ActiveCfg = Debug|Any CPU
		{5C7BB74A-0CD5-486D-83BA-49479C53FCE4}.Debug|Any CPU.Build.0 = Debug|Any CPU
		{5C7BB74A-0CD5-486D-83BA-49479C53FCE4}.Release|Any CPU.ActiveCfg = Release|Any CPU
		{5C7BB74A-0CD5-486D-83BA-49479C53FCE4}.Release|Any CPU.Build.0 = Release|Any CPU
		{BE754FC9-80CF-4D5E-87DC-0C54C44D4FD9}.Debug|Any CPU.ActiveCfg = Debug|Any CPU
		{BE754FC9-80CF-4D5E-87DC-0C54C44D4FD9}.Debug|Any CPU.Build.0 = Debug|Any CPU
		{BE754FC9-80CF-4D5E-87DC-0C54C44D4FD9}.Release|Any CPU.ActiveCfg = Release|Any CPU
		{BE754FC9-80CF-4D5E-87DC-0C54C44D4FD9}.Release|Any CPU.Build.0 = Release|Any CPU
		{B9A8AE12-0AEC-4E82-B6C4-F17DE8AC49D9}.Debug|Any CPU.ActiveCfg = Debug|Any CPU
		{B9A8AE12-0AEC-4E82-B6C4-F17DE8AC49D9}.Debug|Any CPU.Build.0 = Debug|Any CPU
		{B9A8AE12-0AEC-4E82-B6C4-F17DE8AC49D9}.Release|Any CPU.ActiveCfg = Release|Any CPU
		{B9A8AE12-0AEC-4E82-B6C4-F17DE8AC49D9}.Release|Any CPU.Build.0 = Release|Any CPU
		{F83720D4-13C2-4305-8566-B26C7C72C115}.Debug|Any CPU.ActiveCfg = Debug|Any CPU
		{F83720D4-13C2-4305-8566-B26C7C72C115}.Debug|Any CPU.Build.0 = Debug|Any CPU
		{F83720D4-13C2-4305-8566-B26C7C72C115}.Release|Any CPU.ActiveCfg = Release|Any CPU
		{F83720D4-13C2-4305-8566-B26C7C72C115}.Release|Any CPU.Build.0 = Release|Any CPU
		{21D1DE3F-4262-456D-AB59-A951BE9A676C}.Debug|Any CPU.ActiveCfg = Debug|Any CPU
		{21D1DE3F-4262-456D-AB59-A951BE9A676C}.Debug|Any CPU.Build.0 = Debug|Any CPU
		{21D1DE3F-4262-456D-AB59-A951BE9A676C}.Release|Any CPU.ActiveCfg = Release|Any CPU
		{21D1DE3F-4262-456D-AB59-A951BE9A676C}.Release|Any CPU.Build.0 = Release|Any CPU
	EndGlobalSection
	GlobalSection(SolutionProperties) = preSolution
		HideSolutionNode = FALSE
	EndGlobalSection
	GlobalSection(ExtensibilityGlobals) = postSolution
		SolutionGuid = {8A36EFF3-EFC9-4F07-9810-A33FA1278970}
	EndGlobalSection
EndGlobal
