
Microsoft Visual Studio Solution File, Format Version 12.00
# Visual Studio Version 17
VisualStudioVersion = 17.14.36518.9
MinimumVisualStudioVersion = 10.0.40219.1
Project("{FAE04EC0-301F-11D3-BF4B-00C04F79EFBC}") = "HelloWorld", "HelloWorld\HelloWorld.csproj", "{2F41C87D-2982-4F8D-8A84-2C5F45BF1853}"
EndProject
Project("{FAE04EC0-301F-11D3-BF4B-00C04F79EFBC}") = "DataTypes", "DataTypes\DataTypes.csproj", "{8EE5B50D-5DD5-4A1A-8E75-66902D7304E8}"
EndProject
Project("{FAE04EC0-301F-11D3-BF4B-00C04F79EFBC}") = "WriteApp", "WriteApp\WriteApp.csproj", "{4FE38DB4-F0C8-4108-8C29-F6A20BED82EB}"
EndProject
Project("{FAE04EC0-301F-11D3-BF4B-00C04F79EFBC}") = "ReadApp", "ReadApp\ReadApp.csproj", "{5774FCAC-6418-4B52-87F6-F0F92614C7E9}"
EndProject
Project("{FAE04EC0-301F-11D3-BF4B-00C04F79EFBC}") = "SafeReadApp", "SafeReadApp\SafeReadApp.csproj", "{B3B498D9-7D28-4F06-ACEA-65149A0D289F}"
EndProject
Project("{FAE04EC0-301F-11D3-BF4B-00C04F79EFBC}") = "ExpressionsApp", "ExpressionsApp\ExpressionsApp.csproj", "{B806F55F-178A-42CC-AC86-B9788EFAF56A}"
EndProject
Project("{FAE04EC0-301F-11D3-BF4B-00C04F79EFBC}") = "EurosToDollars", "EurosToDollars\EurosToDollars.csproj", "{D0ED3127-36DC-42E7-B703-2B3C3D49B8C1}"
EndProject
Project("{FAE04EC0-301F-11D3-BF4B-00C04F79EFBC}") = "GradesApp", "GradesApp\GradesApp.csproj", "{2F7679D4-EEA7-4488-A703-3488C25CC266}"
EndProject
Project("{FAE04EC0-301F-11D3-BF4B-00C04F79EFBC}") = "TernaryApp", "TernaryApp\TernaryApp.csproj", "{C4DA36F5-E9EB-4E67-ABE4-8C97F847C225}"
EndProject
Project("{FAE04EC0-301F-11D3-BF4B-00C04F79EFBC}") = "WhileApp", "WhileApp\WhileApp.csproj", "{FCF29FE8-5C8C-4D86-845B-7A477004CCC1}"
EndProject
Project("{FAE04EC0-301F-11D3-BF4B-00C04F79EFBC}") = "IgnoreNegativesApp", "IgnoreNegativesApp\IgnoreNegativesApp.csproj", "{52A7762C-DF76-49D8-9DD1-D38AEDFAE1E6}"
EndProject
Project("{FAE04EC0-301F-11D3-BF4B-00C04F79EFBC}") = "BigIntegerApp", "BigIntegerApp\BigIntegerApp.csproj", "{C5CD4A5A-5FDB-4010-A9F6-37351E8F8306}"
EndProject
Project("{FAE04EC0-301F-11D3-BF4B-00C04F79EFBC}") = "CharReadDoWhileApp", "CharReadDoWhileApp\CharReadDoWhileApp.csproj", "{09A03436-81BB-4D28-A654-3A7A5A93B2E5}"
EndProject
Project("{FAE04EC0-301F-11D3-BF4B-00C04F79EFBC}") = "ForApp", "ForApp\ForApp.csproj", "{F7355E3C-39CC-4DB2-99A6-966E7F56193C}"
EndProject
Project("{FAE04EC0-301F-11D3-BF4B-00C04F79EFBC}") = "EnhancedForApp", "EnhancedForApp\EnhancedForApp.csproj", "{1A17635B-B1AE-4F2D-8EAC-54BA8C035BEC}"
EndProject
Project("{FAE04EC0-301F-11D3-BF4B-00C04F79EFBC}") = "FormatExceptionApp", "FormatExceptionApp\FormatExceptionApp.csproj", "{C43A7294-448E-47ED-BA9D-B7B1488423EF}"
EndProject
Project("{FAE04EC0-301F-11D3-BF4B-00C04F79EFBC}") = "DigitsCountApp", "DigitsCountApp\DigitsCountApp.csproj", "{0B196E99-97AE-45E7-A429-8780996C3551}"
EndProject
Project("{FAE04EC0-301F-11D3-BF4B-00C04F79EFBC}") = "SwapApp", "SwapApp\SwapApp.csproj", "{C1A7D536-7344-4DF4-9C56-C79DCC87CA3F}"
EndProject
Global
	GlobalSection(SolutionConfigurationPlatforms) = preSolution
		Debug|Any CPU = Debug|Any CPU
		Release|Any CPU = Release|Any CPU
	EndGlobalSection
	GlobalSection(ProjectConfigurationPlatforms) = postSolution
		{2F41C87D-2982-4F8D-8A84-2C5F45BF1853}.Debug|Any CPU.ActiveCfg = Debug|Any CPU
		{2F41C87D-2982-4F8D-8A84-2C5F45BF1853}.Debug|Any CPU.Build.0 = Debug|Any CPU
		{2F41C87D-2982-4F8D-8A84-2C5F45BF1853}.Release|Any CPU.ActiveCfg = Release|Any CPU
		{2F41C87D-2982-4F8D-8A84-2C5F45BF1853}.Release|Any CPU.Build.0 = Release|Any CPU
		{8EE5B50D-5DD5-4A1A-8E75-66902D7304E8}.Debug|Any CPU.ActiveCfg = Debug|Any CPU
		{8EE5B50D-5DD5-4A1A-8E75-66902D7304E8}.Debug|Any CPU.Build.0 = Debug|Any CPU
		{8EE5B50D-5DD5-4A1A-8E75-66902D7304E8}.Release|Any CPU.ActiveCfg = Release|Any CPU
		{8EE5B50D-5DD5-4A1A-8E75-66902D7304E8}.Release|Any CPU.Build.0 = Release|Any CPU
		{4FE38DB4-F0C8-4108-8C29-F6A20BED82EB}.Debug|Any CPU.ActiveCfg = Debug|Any CPU
		{4FE38DB4-F0C8-4108-8C29-F6A20BED82EB}.Debug|Any CPU.Build.0 = Debug|Any CPU
		{4FE38DB4-F0C8-4108-8C29-F6A20BED82EB}.Release|Any CPU.ActiveCfg = Release|Any CPU
		{4FE38DB4-F0C8-4108-8C29-F6A20BED82EB}.Release|Any CPU.Build.0 = Release|Any CPU
		{5774FCAC-6418-4B52-87F6-F0F92614C7E9}.Debug|Any CPU.ActiveCfg = Debug|Any CPU
		{5774FCAC-6418-4B52-87F6-F0F92614C7E9}.Debug|Any CPU.Build.0 = Debug|Any CPU
		{5774FCAC-6418-4B52-87F6-F0F92614C7E9}.Release|Any CPU.ActiveCfg = Release|Any CPU
		{5774FCAC-6418-4B52-87F6-F0F92614C7E9}.Release|Any CPU.Build.0 = Release|Any CPU
		{B3B498D9-7D28-4F06-ACEA-65149A0D289F}.Debug|Any CPU.ActiveCfg = Debug|Any CPU
		{B3B498D9-7D28-4F06-ACEA-65149A0D289F}.Debug|Any CPU.Build.0 = Debug|Any CPU
		{B3B498D9-7D28-4F06-ACEA-65149A0D289F}.Release|Any CPU.ActiveCfg = Release|Any CPU
		{B3B498D9-7D28-4F06-ACEA-65149A0D289F}.Release|Any CPU.Build.0 = Release|Any CPU
		{B806F55F-178A-42CC-AC86-B9788EFAF56A}.Debug|Any CPU.ActiveCfg = Debug|Any CPU
		{B806F55F-178A-42CC-AC86-B9788EFAF56A}.Debug|Any CPU.Build.0 = Debug|Any CPU
		{B806F55F-178A-42CC-AC86-B9788EFAF56A}.Release|Any CPU.ActiveCfg = Release|Any CPU
		{B806F55F-178A-42CC-AC86-B9788EFAF56A}.Release|Any CPU.Build.0 = Release|Any CPU
		{D0ED3127-36DC-42E7-B703-2B3C3D49B8C1}.Debug|Any CPU.ActiveCfg = Debug|Any CPU
		{D0ED3127-36DC-42E7-B703-2B3C3D49B8C1}.Debug|Any CPU.Build.0 = Debug|Any CPU
		{D0ED3127-36DC-42E7-B703-2B3C3D49B8C1}.Release|Any CPU.ActiveCfg = Release|Any CPU
		{D0ED3127-36DC-42E7-B703-2B3C3D49B8C1}.Release|Any CPU.Build.0 = Release|Any CPU
		{2F7679D4-EEA7-4488-A703-3488C25CC266}.Debug|Any CPU.ActiveCfg = Debug|Any CPU
		{2F7679D4-EEA7-4488-A703-3488C25CC266}.Debug|Any CPU.Build.0 = Debug|Any CPU
		{2F7679D4-EEA7-4488-A703-3488C25CC266}.Release|Any CPU.ActiveCfg = Release|Any CPU
		{2F7679D4-EEA7-4488-A703-3488C25CC266}.Release|Any CPU.Build.0 = Release|Any CPU
		{C4DA36F5-E9EB-4E67-ABE4-8C97F847C225}.Debug|Any CPU.ActiveCfg = Debug|Any CPU
		{C4DA36F5-E9EB-4E67-ABE4-8C97F847C225}.Debug|Any CPU.Build.0 = Debug|Any CPU
		{C4DA36F5-E9EB-4E67-ABE4-8C97F847C225}.Release|Any CPU.ActiveCfg = Release|Any CPU
		{C4DA36F5-E9EB-4E67-ABE4-8C97F847C225}.Release|Any CPU.Build.0 = Release|Any CPU
		{FCF29FE8-5C8C-4D86-845B-7A477004CCC1}.Debug|Any CPU.ActiveCfg = Debug|Any CPU
		{FCF29FE8-5C8C-4D86-845B-7A477004CCC1}.Debug|Any CPU.Build.0 = Debug|Any CPU
		{FCF29FE8-5C8C-4D86-845B-7A477004CCC1}.Release|Any CPU.ActiveCfg = Release|Any CPU
		{FCF29FE8-5C8C-4D86-845B-7A477004CCC1}.Release|Any CPU.Build.0 = Release|Any CPU
		{52A7762C-DF76-49D8-9DD1-D38AEDFAE1E6}.Debug|Any CPU.ActiveCfg = Debug|Any CPU
		{52A7762C-DF76-49D8-9DD1-D38AEDFAE1E6}.Debug|Any CPU.Build.0 = Debug|Any CPU
		{52A7762C-DF76-49D8-9DD1-D38AEDFAE1E6}.Release|Any CPU.ActiveCfg = Release|Any CPU
		{52A7762C-DF76-49D8-9DD1-D38AEDFAE1E6}.Release|Any CPU.Build.0 = Release|Any CPU
		{C5CD4A5A-5FDB-4010-A9F6-37351E8F8306}.Debug|Any CPU.ActiveCfg = Debug|Any CPU
		{C5CD4A5A-5FDB-4010-A9F6-37351E8F8306}.Debug|Any CPU.Build.0 = Debug|Any CPU
		{C5CD4A5A-5FDB-4010-A9F6-37351E8F8306}.Release|Any CPU.ActiveCfg = Release|Any CPU
		{C5CD4A5A-5FDB-4010-A9F6-37351E8F8306}.Release|Any CPU.Build.0 = Release|Any CPU
		{09A03436-81BB-4D28-A654-3A7A5A93B2E5}.Debug|Any CPU.ActiveCfg = Debug|Any CPU
		{09A03436-81BB-4D28-A654-3A7A5A93B2E5}.Debug|Any CPU.Build.0 = Debug|Any CPU
		{09A03436-81BB-4D28-A654-3A7A5A93B2E5}.Release|Any CPU.ActiveCfg = Release|Any CPU
		{09A03436-81BB-4D28-A654-3A7A5A93B2E5}.Release|Any CPU.Build.0 = Release|Any CPU
		{F7355E3C-39CC-4DB2-99A6-966E7F56193C}.Debug|Any CPU.ActiveCfg = Debug|Any CPU
		{F7355E3C-39CC-4DB2-99A6-966E7F56193C}.Debug|Any CPU.Build.0 = Debug|Any CPU
		{F7355E3C-39CC-4DB2-99A6-966E7F56193C}.Release|Any CPU.ActiveCfg = Release|Any CPU
		{F7355E3C-39CC-4DB2-99A6-966E7F56193C}.Release|Any CPU.Build.0 = Release|Any CPU
		{1A17635B-B1AE-4F2D-8EAC-54BA8C035BEC}.Debug|Any CPU.ActiveCfg = Debug|Any CPU
		{1A17635B-B1AE-4F2D-8EAC-54BA8C035BEC}.Debug|Any CPU.Build.0 = Debug|Any CPU
		{1A17635B-B1AE-4F2D-8EAC-54BA8C035BEC}.Release|Any CPU.ActiveCfg = Release|Any CPU
		{1A17635B-B1AE-4F2D-8EAC-54BA8C035BEC}.Release|Any CPU.Build.0 = Release|Any CPU
		{C43A7294-448E-47ED-BA9D-B7B1488423EF}.Debug|Any CPU.ActiveCfg = Debug|Any CPU
		{C43A7294-448E-47ED-BA9D-B7B1488423EF}.Debug|Any CPU.Build.0 = Debug|Any CPU
		{C43A7294-448E-47ED-BA9D-B7B1488423EF}.Release|Any CPU.ActiveCfg = Release|Any CPU
		{C43A7294-448E-47ED-BA9D-B7B1488423EF}.Release|Any CPU.Build.0 = Release|Any CPU
		{0B196E99-97AE-45E7-A429-8780996C3551}.Debug|Any CPU.ActiveCfg = Debug|Any CPU
		{0B196E99-97AE-45E7-A429-8780996C3551}.Debug|Any CPU.Build.0 = Debug|Any CPU
		{0B196E99-97AE-45E7-A429-8780996C3551}.Release|Any CPU.ActiveCfg = Release|Any CPU
		{0B196E99-97AE-45E7-A429-8780996C3551}.Release|Any CPU.Build.0 = Release|Any CPU
		{C1A7D536-7344-4DF4-9C56-C79DCC87CA3F}.Debug|Any CPU.ActiveCfg = Debug|Any CPU
		{C1A7D536-7344-4DF4-9C56-C79DCC87CA3F}.Debug|Any CPU.Build.0 = Debug|Any CPU
		{C1A7D536-7344-4DF4-9C56-C79DCC87CA3F}.Release|Any CPU.ActiveCfg = Release|Any CPU
		{C1A7D536-7344-4DF4-9C56-C79DCC87CA3F}.Release|Any CPU.Build.0 = Release|Any CPU
	EndGlobalSection
	GlobalSection(SolutionProperties) = preSolution
		HideSolutionNode = FALSE
	EndGlobalSection
	GlobalSection(ExtensibilityGlobals) = postSolution
		SolutionGuid = {8A36EFF3-EFC9-4F07-9810-A33FA1278970}
	EndGlobalSection
EndGlobal
